
Microsoft Visual Studio Solution File, Format Version 12.00
# Visual Studio 15
VisualStudioVersion = 15.0.28307.271
MinimumVisualStudioVersion = 10.0.40219.1
Project("{888888A0-9F3D-457C-B088-3A5042F75D52}") = "Clothe-inator", "Clothe-inator\Clothe-inator.pyproj", "{74820FCD-EFD7-4ADE-9A96-AB5D7470DD72}"
EndProject
Global
	GlobalSection(SolutionConfigurationPlatforms) = preSolution
		Debug|Any CPU = Debug|Any CPU
		Release|Any CPU = Release|Any CPU
	EndGlobalSection
	GlobalSection(ProjectConfigurationPlatforms) = postSolution
		{74820FCD-EFD7-4ADE-9A96-AB5D7470DD72}.Debug|Any CPU.ActiveCfg = Debug|Any CPU
		{74820FCD-EFD7-4ADE-9A96-AB5D7470DD72}.Release|Any CPU.ActiveCfg = Release|Any CPU
	EndGlobalSection
	GlobalSection(SolutionProperties) = preSolution
		HideSolutionNode = FALSE
	EndGlobalSection
	GlobalSection(ExtensibilityGlobals) = postSolution
		SolutionGuid = {E1C8CE3D-97AC-4AC2-857C-1B8B33CD3260}
	EndGlobalSection
EndGlobal
